
Microsoft Visual Studio Solution File, Format Version 12.00
# Visual Studio Version 16
VisualStudioVersion = 16.0.35706.149
MinimumVisualStudioVersion = 10.0.40219.1
Project("{FAE04EC0-301F-11D3-BF4B-00C04F79EFBC}") = "Agent", "Agent\Agent.csproj", "{BEA31824-EE2C-4858-A074-09B379F4CB7C}"
EndProject
Global
	GlobalSection(SolutionConfigurationPlatforms) = preSolution
		Debug|Any CPU = Debug|Any CPU
		Release|Any CPU = Release|Any CPU
	EndGlobalSection
	GlobalSection(ProjectConfigurationPlatforms) = postSolution
		{BEA31824-EE2C-4858-A074-09B379F4CB7C}.Debug|Any CPU.ActiveCfg = Debug|Any CPU
		{BEA31824-EE2C-4858-A074-09B379F4CB7C}.Debug|Any CPU.Build.0 = Debug|Any CPU
		{BEA31824-EE2C-4858-A074-09B379F4CB7C}.Release|Any CPU.ActiveCfg = Release|Any CPU
		{BEA31824-EE2C-4858-A074-09B379F4CB7C}.Release|Any CPU.Build.0 = Release|Any CPU
	EndGlobalSection
	GlobalSection(SolutionProperties) = preSolution
		HideSolutionNode = FALSE
	EndGlobalSection
	GlobalSection(ExtensibilityGlobals) = postSolution
		SolutionGuid = {F1EC9E18-464A-4568-8CBC-2C89AF046115}
	EndGlobalSection
EndGlobal
